// !$*UTF8*$!
{
	archiveVersion = 1;
	classes = {
	};
	objectVersion = 46;
	objects = {

/* Begin PBXBuildFile section */
		1B243C851BA962840094ADAD /* AppDelegate.m in Sources */ = {isa = PBXBuildFile; fileRef = 1B243C841BA962840094ADAD /* AppDelegate.m */; };
		1B243C871BA962840094ADAD /* main.m in Sources */ = {isa = PBXBuildFile; fileRef = 1B243C861BA962840094ADAD /* main.m */; };
		1B243C8A1BA962840094ADAD /* Document.m in Sources */ = {isa = PBXBuildFile; fileRef = 1B243C891BA962840094ADAD /* Document.m */; };
		1B243C8D1BA962840094ADAD /* Document.xib in Resources */ = {isa = PBXBuildFile; fileRef = 1B243C8B1BA962840094ADAD /* Document.xib */; };
		1B243C901BA962840094ADAD /* Document.xcdatamodeld in Sources */ = {isa = PBXBuildFile; fileRef = 1B243C8E1BA962840094ADAD /* Document.xcdatamodeld */; };
		1B243C921BA962840094ADAD /* Images.xcassets in Resources */ = {isa = PBXBuildFile; fileRef = 1B243C911BA962840094ADAD /* Images.xcassets */; };
		1B243C951BA962840094ADAD /* MainMenu.xib in Resources */ = {isa = PBXBuildFile; fileRef = 1B243C931BA962840094ADAD /* MainMenu.xib */; };
		1B243CA11BA962850094ADAD /* MLStudioTests.m in Sources */ = {isa = PBXBuildFile; fileRef = 1B243CA01BA962850094ADAD /* MLStudioTests.m */; };
		1B243CAC1BA962E00094ADAD /* Changelog in Resources */ = {isa = PBXBuildFile; fileRef = 1B243CAB1BA962E00094ADAD /* Changelog */; };
		1B243CB11BA963640094ADAD /* CHCSVParser.m in Sources */ = {isa = PBXBuildFile; fileRef = 1B243CB01BA963640094ADAD /* CHCSVParser.m */; };
		1B243CBA1BA963860094ADAD /* Issue64.csv in Resources */ = {isa = PBXBuildFile; fileRef = 1B243CB31BA963860094ADAD /* Issue64.csv */; };
		1B243CBB1BA963860094ADAD /* Issue65.csv in Resources */ = {isa = PBXBuildFile; fileRef = 1B243CB41BA963860094ADAD /* Issue65.csv */; };
		1B243CBC1BA963860094ADAD /* Issue79.csv in Resources */ = {isa = PBXBuildFile; fileRef = 1B243CB51BA963860094ADAD /* Issue79.csv */; };
		1B243CBD1BA963860094ADAD /* Unit Tests-Info.plist in Resources */ = {isa = PBXBuildFile; fileRef = 1B243CB61BA963860094ADAD /* Unit Tests-Info.plist */; };
		1B243CBE1BA963860094ADAD /* UnitTests.m in Sources */ = {isa = PBXBuildFile; fileRef = 1B243CB91BA963860094ADAD /* UnitTests.m */; };
		1B243CC01BA9734B0094ADAD /* TODO in Resources */ = {isa = PBXBuildFile; fileRef = 1B243CBF1BA9734B0094ADAD /* TODO */; };
		1B243CC61BA975AA0094ADAD /* SyntaxKIT_README.md in Sources */ = {isa = PBXBuildFile; fileRef = 1B243CC51BA975AA0094ADAD /* SyntaxKIT_README.md */; };
		1B243CD51BA978910094ADAD /* SyntaxKit.m in Sources */ = {isa = PBXBuildFile; fileRef = 1B243CC81BA978910094ADAD /* SyntaxKit.m */; };
		1B243CD61BA978910094ADAD /* ASKSyntaxViewController.m in Sources */ = {isa = PBXBuildFile; fileRef = 1B243CCA1BA978910094ADAD /* ASKSyntaxViewController.m */; };
		1B243CD71BA978910094ADAD /* NSTextView+SyntaxKit.m in Sources */ = {isa = PBXBuildFile; fileRef = 1B243CCC1BA978910094ADAD /* NSTextView+SyntaxKit.m */; };
		1B243CD81BA978910094ADAD /* ASKLineNumberView.m in Sources */ = {isa = PBXBuildFile; fileRef = 1B243CCE1BA978910094ADAD /* ASKLineNumberView.m */; };
		1B243CD91BA978910094ADAD /* ASKLineNumberMarker.m in Sources */ = {isa = PBXBuildFile; fileRef = 1B243CD01BA978910094ADAD /* ASKLineNumberMarker.m */; };
		1B243CDA1BA978910094ADAD /* ASKSyntax.m in Sources */ = {isa = PBXBuildFile; fileRef = 1B243CD21BA978910094ADAD /* ASKSyntax.m */; };
		1B243CDB1BA978910094ADAD /* ASKSyntax+syntaxForType.m in Sources */ = {isa = PBXBuildFile; fileRef = 1B243CD41BA978910094ADAD /* ASKSyntax+syntaxForType.m */; };
		1B243CE61BA978AA0094ADAD /* ASKTypesetter.m in Sources */ = {isa = PBXBuildFile; fileRef = 1B243CDE1BA978AA0094ADAD /* ASKTypesetter.m */; };
		1B243CE71BA978AA0094ADAD /* NSArray+Color.m in Sources */ = {isa = PBXBuildFile; fileRef = 1B243CE01BA978AA0094ADAD /* NSArray+Color.m */; };
		1B243CE81BA978AA0094ADAD /* NSScanner+SkipUpToCharset.m in Sources */ = {isa = PBXBuildFile; fileRef = 1B243CE21BA978AA0094ADAD /* NSScanner+SkipUpToCharset.m */; };
		1B243CE91BA978AA0094ADAD /* TDBindings.m in Sources */ = {isa = PBXBuildFile; fileRef = 1B243CE41BA978AA0094ADAD /* TDBindings.m */; };
		1B243CEC1BA978D70094ADAD /* SyntaxColorDefaults.plist in Resources */ = {isa = PBXBuildFile; fileRef = 1B243CEB1BA978D70094ADAD /* SyntaxColorDefaults.plist */; };
		1B243CF11BA978E00094ADAD /* CSS 1.plist in Resources */ = {isa = PBXBuildFile; fileRef = 1B243CED1BA978E00094ADAD /* CSS 1.plist */; };
		1B243CF21BA978E00094ADAD /* HTML.plist in Resources */ = {isa = PBXBuildFile; fileRef = 1B243CEE1BA978E00094ADAD /* HTML.plist */; };
		1B243CF31BA978E00094ADAD /* Objective C.plist in Resources */ = {isa = PBXBuildFile; fileRef = 1B243CEF1BA978E00094ADAD /* Objective C.plist */; };
		1B243CF41BA978E00094ADAD /* types.plist in Resources */ = {isa = PBXBuildFile; fileRef = 1B243CF01BA978E00094ADAD /* types.plist */; };
		1B243CF61BA9792A0094ADAD /* AppKit.framework in Frameworks */ = {isa = PBXBuildFile; fileRef = 1B243CF51BA9792A0094ADAD /* AppKit.framework */; };
		1B243CF91BA985720094ADAD /* Export-To-File-icon.png in Resources */ = {isa = PBXBuildFile; fileRef = 1B243CF81BA985720094ADAD /* Export-To-File-icon.png */; };
		1B243CFD1BA986340094ADAD /* file-import-icon.png in Resources */ = {isa = PBXBuildFile; fileRef = 1B243CFC1BA986340094ADAD /* file-import-icon.png */; };
		1B243D001BA987360094ADAD /* Misc-Database-3-icon.png in Resources */ = {isa = PBXBuildFile; fileRef = 1B243CFE1BA987360094ADAD /* Misc-Database-3-icon.png */; };
		1B243D011BA987360094ADAD /* objects-icon.png in Resources */ = {isa = PBXBuildFile; fileRef = 1B243CFF1BA987360094ADAD /* objects-icon.png */; };
		1BCCEE741BEE05D900809268 /* TestCaseGenerator.m in Sources */ = {isa = PBXBuildFile; fileRef = 1BCCEE731BEE05D900809268 /* TestCaseGenerator.m */; };
/* End PBXBuildFile section */

/* Begin PBXContainerItemProxy section */
		1B243C9B1BA962850094ADAD /* PBXContainerItemProxy */ = {
			isa = PBXContainerItemProxy;
			containerPortal = 1B243C761BA962840094ADAD /* Project object */;
			proxyType = 1;
			remoteGlobalIDString = 1B243C7D1BA962840094ADAD;
			remoteInfo = MLStudio;
		};
/* End PBXContainerItemProxy section */

/* Begin PBXFileReference section */
		1B243C7E1BA962840094ADAD /* MLStudio.app */ = {isa = PBXFileReference; explicitFileType = wrapper.application; includeInIndex = 0; path = MLStudio.app; sourceTree = BUILT_PRODUCTS_DIR; };
		1B243C821BA962840094ADAD /* Info.plist */ = {isa = PBXFileReference; lastKnownFileType = text.plist.xml; path = Info.plist; sourceTree = "<group>"; };
		1B243C831BA962840094ADAD /* AppDelegate.h */ = {isa = PBXFileReference; lastKnownFileType = sourcecode.c.h; path = AppDelegate.h; sourceTree = "<group>"; };
		1B243C841BA962840094ADAD /* AppDelegate.m */ = {isa = PBXFileReference; lastKnownFileType = sourcecode.c.objc; path = AppDelegate.m; sourceTree = "<group>"; };
		1B243C861BA962840094ADAD /* main.m */ = {isa = PBXFileReference; lastKnownFileType = sourcecode.c.objc; path = main.m; sourceTree = "<group>"; };
		1B243C881BA962840094ADAD /* Document.h */ = {isa = PBXFileReference; lastKnownFileType = sourcecode.c.h; path = Document.h; sourceTree = "<group>"; };
		1B243C891BA962840094ADAD /* Document.m */ = {isa = PBXFileReference; lastKnownFileType = sourcecode.c.objc; path = Document.m; sourceTree = "<group>"; };
		1B243C8C1BA962840094ADAD /* Base */ = {isa = PBXFileReference; lastKnownFileType = file.xib; name = Base; path = Base.lproj/Document.xib; sourceTree = "<group>"; };
		1B243C8F1BA962840094ADAD /* Document.xcdatamodel */ = {isa = PBXFileReference; lastKnownFileType = wrapper.xcdatamodel; path = Document.xcdatamodel; sourceTree = "<group>"; };
		1B243C911BA962840094ADAD /* Images.xcassets */ = {isa = PBXFileReference; lastKnownFileType = folder.assetcatalog; path = Images.xcassets; sourceTree = "<group>"; };
		1B243C941BA962840094ADAD /* Base */ = {isa = PBXFileReference; lastKnownFileType = file.xib; name = Base; path = Base.lproj/MainMenu.xib; sourceTree = "<group>"; };
		1B243C9A1BA962850094ADAD /* MLStudioTests.xctest */ = {isa = PBXFileReference; explicitFileType = wrapper.cfbundle; includeInIndex = 0; path = MLStudioTests.xctest; sourceTree = BUILT_PRODUCTS_DIR; };
		1B243C9F1BA962850094ADAD /* Info.plist */ = {isa = PBXFileReference; lastKnownFileType = text.plist.xml; path = Info.plist; sourceTree = "<group>"; };
		1B243CA01BA962850094ADAD /* MLStudioTests.m */ = {isa = PBXFileReference; lastKnownFileType = sourcecode.c.objc; path = MLStudioTests.m; sourceTree = "<group>"; };
		1B243CAB1BA962E00094ADAD /* Changelog */ = {isa = PBXFileReference; fileEncoding = 4; lastKnownFileType = text; path = Changelog; sourceTree = "<group>"; };
		1B243CAF1BA963640094ADAD /* CHCSVParser.h */ = {isa = PBXFileReference; fileEncoding = 4; lastKnownFileType = sourcecode.c.h; path = CHCSVParser.h; sourceTree = "<group>"; };
		1B243CB01BA963640094ADAD /* CHCSVParser.m */ = {isa = PBXFileReference; fileEncoding = 4; lastKnownFileType = sourcecode.c.objc; path = CHCSVParser.m; sourceTree = "<group>"; };
		1B243CB31BA963860094ADAD /* Issue64.csv */ = {isa = PBXFileReference; fileEncoding = 4; lastKnownFileType = text; path = Issue64.csv; sourceTree = "<group>"; };
		1B243CB41BA963860094ADAD /* Issue65.csv */ = {isa = PBXFileReference; fileEncoding = 4; lastKnownFileType = text; path = Issue65.csv; sourceTree = "<group>"; };
		1B243CB51BA963860094ADAD /* Issue79.csv */ = {isa = PBXFileReference; fileEncoding = 4; lastKnownFileType = text; path = Issue79.csv; sourceTree = "<group>"; };
		1B243CB61BA963860094ADAD /* Unit Tests-Info.plist */ = {isa = PBXFileReference; fileEncoding = 4; lastKnownFileType = text.plist.xml; path = "Unit Tests-Info.plist"; sourceTree = "<group>"; };
		1B243CB71BA963860094ADAD /* UnitTestContent.h */ = {isa = PBXFileReference; fileEncoding = 4; lastKnownFileType = sourcecode.c.h; path = UnitTestContent.h; sourceTree = "<group>"; };
		1B243CB81BA963860094ADAD /* UnitTests.h */ = {isa = PBXFileReference; fileEncoding = 4; lastKnownFileType = sourcecode.c.h; path = UnitTests.h; sourceTree = "<group>"; };
		1B243CB91BA963860094ADAD /* UnitTests.m */ = {isa = PBXFileReference; fileEncoding = 4; lastKnownFileType = sourcecode.c.objc; path = UnitTests.m; sourceTree = "<group>"; };
		1B243CBF1BA9734B0094ADAD /* TODO */ = {isa = PBXFileReference; fileEncoding = 4; lastKnownFileType = text; path = TODO; sourceTree = "<group>"; };
		1B243CC51BA975AA0094ADAD /* SyntaxKIT_README.md */ = {isa = PBXFileReference; fileEncoding = 4; lastKnownFileType = net.daringfireball.markdown; path = SyntaxKIT_README.md; sourceTree = "<group>"; };
		1B243CC71BA978910094ADAD /* SyntaxKit.h */ = {isa = PBXFileReference; fileEncoding = 4; lastKnownFileType = sourcecode.c.h; path = SyntaxKit.h; sourceTree = "<group>"; };
		1B243CC81BA978910094ADAD /* SyntaxKit.m */ = {isa = PBXFileReference; fileEncoding = 4; lastKnownFileType = sourcecode.c.objc; path = SyntaxKit.m; sourceTree = "<group>"; };
		1B243CC91BA978910094ADAD /* ASKSyntaxViewController.h */ = {isa = PBXFileReference; fileEncoding = 4; lastKnownFileType = sourcecode.c.h; path = ASKSyntaxViewController.h; sourceTree = "<group>"; };
		1B243CCA1BA978910094ADAD /* ASKSyntaxViewController.m */ = {isa = PBXFileReference; fileEncoding = 4; lastKnownFileType = sourcecode.c.objc; path = ASKSyntaxViewController.m; sourceTree = "<group>"; };
		1B243CCB1BA978910094ADAD /* NSTextView+SyntaxKit.h */ = {isa = PBXFileReference; fileEncoding = 4; lastKnownFileType = sourcecode.c.h; path = "NSTextView+SyntaxKit.h"; sourceTree = "<group>"; };
		1B243CCC1BA978910094ADAD /* NSTextView+SyntaxKit.m */ = {isa = PBXFileReference; fileEncoding = 4; lastKnownFileType = sourcecode.c.objc; path = "NSTextView+SyntaxKit.m"; sourceTree = "<group>"; };
		1B243CCD1BA978910094ADAD /* ASKLineNumberView.h */ = {isa = PBXFileReference; fileEncoding = 4; lastKnownFileType = sourcecode.c.h; path = ASKLineNumberView.h; sourceTree = "<group>"; };
		1B243CCE1BA978910094ADAD /* ASKLineNumberView.m */ = {isa = PBXFileReference; fileEncoding = 4; lastKnownFileType = sourcecode.c.objc; path = ASKLineNumberView.m; sourceTree = "<group>"; };
		1B243CCF1BA978910094ADAD /* ASKLineNumberMarker.h */ = {isa = PBXFileReference; fileEncoding = 4; lastKnownFileType = sourcecode.c.h; path = ASKLineNumberMarker.h; sourceTree = "<group>"; };
		1B243CD01BA978910094ADAD /* ASKLineNumberMarker.m */ = {isa = PBXFileReference; fileEncoding = 4; lastKnownFileType = sourcecode.c.objc; path = ASKLineNumberMarker.m; sourceTree = "<group>"; };
		1B243CD11BA978910094ADAD /* ASKSyntax.h */ = {isa = PBXFileReference; fileEncoding = 4; lastKnownFileType = sourcecode.c.h; path = ASKSyntax.h; sourceTree = "<group>"; };
		1B243CD21BA978910094ADAD /* ASKSyntax.m */ = {isa = PBXFileReference; fileEncoding = 4; lastKnownFileType = sourcecode.c.objc; path = ASKSyntax.m; sourceTree = "<group>"; };
		1B243CD31BA978910094ADAD /* ASKSyntax+syntaxForType.h */ = {isa = PBXFileReference; fileEncoding = 4; lastKnownFileType = sourcecode.c.h; path = "ASKSyntax+syntaxForType.h"; sourceTree = "<group>"; };
		1B243CD41BA978910094ADAD /* ASKSyntax+syntaxForType.m */ = {isa = PBXFileReference; fileEncoding = 4; lastKnownFileType = sourcecode.c.objc; path = "ASKSyntax+syntaxForType.m"; sourceTree = "<group>"; };
		1B243CDD1BA978AA0094ADAD /* ASKTypesetter.h */ = {isa = PBXFileReference; fileEncoding = 4; lastKnownFileType = sourcecode.c.h; path = ASKTypesetter.h; sourceTree = "<group>"; };
		1B243CDE1BA978AA0094ADAD /* ASKTypesetter.m */ = {isa = PBXFileReference; fileEncoding = 4; lastKnownFileType = sourcecode.c.objc; path = ASKTypesetter.m; sourceTree = "<group>"; };
		1B243CDF1BA978AA0094ADAD /* NSArray+Color.h */ = {isa = PBXFileReference; fileEncoding = 4; lastKnownFileType = sourcecode.c.h; path = "NSArray+Color.h"; sourceTree = "<group>"; };
		1B243CE01BA978AA0094ADAD /* NSArray+Color.m */ = {isa = PBXFileReference; fileEncoding = 4; lastKnownFileType = sourcecode.c.objc; path = "NSArray+Color.m"; sourceTree = "<group>"; };
		1B243CE11BA978AA0094ADAD /* NSScanner+SkipUpToCharset.h */ = {isa = PBXFileReference; fileEncoding = 4; lastKnownFileType = sourcecode.c.h; path = "NSScanner+SkipUpToCharset.h"; sourceTree = "<group>"; };
		1B243CE21BA978AA0094ADAD /* NSScanner+SkipUpToCharset.m */ = {isa = PBXFileReference; fileEncoding = 4; lastKnownFileType = sourcecode.c.objc; path = "NSScanner+SkipUpToCharset.m"; sourceTree = "<group>"; };
		1B243CE31BA978AA0094ADAD /* TDBindings.h */ = {isa = PBXFileReference; fileEncoding = 4; lastKnownFileType = sourcecode.c.h; path = TDBindings.h; sourceTree = "<group>"; };
		1B243CE41BA978AA0094ADAD /* TDBindings.m */ = {isa = PBXFileReference; fileEncoding = 4; lastKnownFileType = sourcecode.c.objc; path = TDBindings.m; sourceTree = "<group>"; };
		1B243CE51BA978AA0094ADAD /* UKHelperMacros.h */ = {isa = PBXFileReference; fileEncoding = 4; lastKnownFileType = sourcecode.c.h; path = UKHelperMacros.h; sourceTree = "<group>"; };
		1B243CEB1BA978D70094ADAD /* SyntaxColorDefaults.plist */ = {isa = PBXFileReference; fileEncoding = 4; lastKnownFileType = text.plist.xml; path = SyntaxColorDefaults.plist; sourceTree = "<group>"; };
		1B243CED1BA978E00094ADAD /* CSS 1.plist */ = {isa = PBXFileReference; fileEncoding = 4; lastKnownFileType = text.plist.xml; path = "CSS 1.plist"; sourceTree = "<group>"; };
		1B243CEE1BA978E00094ADAD /* HTML.plist */ = {isa = PBXFileReference; fileEncoding = 4; lastKnownFileType = text.plist.xml; path = HTML.plist; sourceTree = "<group>"; };
		1B243CEF1BA978E00094ADAD /* Objective C.plist */ = {isa = PBXFileReference; fileEncoding = 4; lastKnownFileType = text.plist.xml; path = "Objective C.plist"; sourceTree = "<group>"; };
		1B243CF01BA978E00094ADAD /* types.plist */ = {isa = PBXFileReference; fileEncoding = 4; lastKnownFileType = text.plist.xml; path = types.plist; sourceTree = "<group>"; };
		1B243CF51BA9792A0094ADAD /* AppKit.framework */ = {isa = PBXFileReference; lastKnownFileType = wrapper.framework; name = AppKit.framework; path = System/Library/Frameworks/AppKit.framework; sourceTree = SDKROOT; };
		1B243CF81BA985720094ADAD /* Export-To-File-icon.png */ = {isa = PBXFileReference; lastKnownFileType = image.png; name = "Export-To-File-icon.png"; path = "../../../../Desktop/emailButtons/MLStudio/Export-To-File-icon.png"; sourceTree = "<group>"; };
		1B243CFC1BA986340094ADAD /* file-import-icon.png */ = {isa = PBXFileReference; lastKnownFileType = image.png; path = "file-import-icon.png"; sourceTree = "<group>"; };
		1B243CFE1BA987360094ADAD /* Misc-Database-3-icon.png */ = {isa = PBXFileReference; lastKnownFileType = image.png; path = "Misc-Database-3-icon.png"; sourceTree = "<group>"; };
		1B243CFF1BA987360094ADAD /* objects-icon.png */ = {isa = PBXFileReference; lastKnownFileType = image.png; path = "objects-icon.png"; sourceTree = "<group>"; };
		1BCCEE701BEE04BA00809268 /* MLStudioErrors.h */ = {isa = PBXFileReference; lastKnownFileType = sourcecode.c.h; path = MLStudioErrors.h; sourceTree = "<group>"; };
		1BCCEE721BEE05D900809268 /* TestCaseGenerator.h */ = {isa = PBXFileReference; fileEncoding = 4; lastKnownFileType = sourcecode.c.h; path = TestCaseGenerator.h; sourceTree = "<group>"; };
		1BCCEE731BEE05D900809268 /* TestCaseGenerator.m */ = {isa = PBXFileReference; fileEncoding = 4; lastKnownFileType = sourcecode.c.objc; path = TestCaseGenerator.m; sourceTree = "<group>"; };
/* End PBXFileReference section */

/* Begin PBXFrameworksBuildPhase section */
		1B243C7B1BA962840094ADAD /* Frameworks */ = {
			isa = PBXFrameworksBuildPhase;
			buildActionMask = 2147483647;
			files = (
				1B243CF61BA9792A0094ADAD /* AppKit.framework in Frameworks */,
			);
			runOnlyForDeploymentPostprocessing = 0;
		};
		1B243C971BA962850094ADAD /* Frameworks */ = {
			isa = PBXFrameworksBuildPhase;
			buildActionMask = 2147483647;
			files = (
			);
			runOnlyForDeploymentPostprocessing = 0;
		};
/* End PBXFrameworksBuildPhase section */

/* Begin PBXGroup section */
		1B243C751BA962840094ADAD = {
			isa = PBXGroup;
			children = (
				1B243CAD1BA962FD0094ADAD /* 3rdParty Components */,
				1B243C801BA962840094ADAD /* MLStudio */,
				1B243CC11BA975520094ADAD /* Frameworks */,
				1B243C9D1BA962850094ADAD /* MLStudioTests */,
				1B243C7F1BA962840094ADAD /* Products */,
			);
			sourceTree = "<group>";
		};
		1B243C7F1BA962840094ADAD /* Products */ = {
			isa = PBXGroup;
			children = (
				1B243C7E1BA962840094ADAD /* MLStudio.app */,
				1B243C9A1BA962850094ADAD /* MLStudioTests.xctest */,
			);
			name = Products;
			sourceTree = "<group>";
		};
		1B243C801BA962840094ADAD /* MLStudio */ = {
			isa = PBXGroup;
			children = (
				1BCCEE711BEE05B800809268 /* TestGenerator */,
				1B243CF71BA985500094ADAD /* Иконки панели инструментов */,
				1B243CAA1BA962B50094ADAD /* Документация */,
				1B243C831BA962840094ADAD /* AppDelegate.h */,
				1B243C841BA962840094ADAD /* AppDelegate.m */,
				1B243C881BA962840094ADAD /* Document.h */,
				1B243C891BA962840094ADAD /* Document.m */,
				1B243C8B1BA962840094ADAD /* Document.xib */,
				1B243C911BA962840094ADAD /* Images.xcassets */,
				1B243C931BA962840094ADAD /* MainMenu.xib */,
				1B243C8E1BA962840094ADAD /* Document.xcdatamodeld */,
				1B243C811BA962840094ADAD /* Supporting Files */,
				1BCCEE701BEE04BA00809268 /* MLStudioErrors.h */,
			);
			path = MLStudio;
			sourceTree = "<group>";
		};
		1B243C811BA962840094ADAD /* Supporting Files */ = {
			isa = PBXGroup;
			children = (
				1B243C821BA962840094ADAD /* Info.plist */,
				1B243C861BA962840094ADAD /* main.m */,
			);
			name = "Supporting Files";
			sourceTree = "<group>";
		};
		1B243C9D1BA962850094ADAD /* MLStudioTests */ = {
			isa = PBXGroup;
			children = (
				1B243CB21BA9636C0094ADAD /* CSVParser */,
				1B243CA01BA962850094ADAD /* MLStudioTests.m */,
				1B243C9E1BA962850094ADAD /* Supporting Files */,
			);
			path = MLStudioTests;
			sourceTree = "<group>";
		};
		1B243C9E1BA962850094ADAD /* Supporting Files */ = {
			isa = PBXGroup;
			children = (
				1B243C9F1BA962850094ADAD /* Info.plist */,
			);
			name = "Supporting Files";
			sourceTree = "<group>";
		};
		1B243CAA1BA962B50094ADAD /* Документация */ = {
			isa = PBXGroup;
			children = (
				1B243CAB1BA962E00094ADAD /* Changelog */,
				1B243CBF1BA9734B0094ADAD /* TODO */,
			);
			name = "Документация";
			sourceTree = "<group>";
		};
		1B243CAD1BA962FD0094ADAD /* 3rdParty Components */ = {
			isa = PBXGroup;
			children = (
				1B243CC41BA975990094ADAD /* SyntaxKit */,
				1B243CAE1BA963180094ADAD /* CSV Parser */,
			);
			name = "3rdParty Components";
			sourceTree = "<group>";
		};
		1B243CAE1BA963180094ADAD /* CSV Parser */ = {
			isa = PBXGroup;
			children = (
				1B243CAF1BA963640094ADAD /* CHCSVParser.h */,
				1B243CB01BA963640094ADAD /* CHCSVParser.m */,
			);
			name = "CSV Parser";
			sourceTree = "<group>";
		};
		1B243CB21BA9636C0094ADAD /* CSVParser */ = {
			isa = PBXGroup;
			children = (
				1B243CB31BA963860094ADAD /* Issue64.csv */,
				1B243CB41BA963860094ADAD /* Issue65.csv */,
				1B243CB51BA963860094ADAD /* Issue79.csv */,
				1B243CB61BA963860094ADAD /* Unit Tests-Info.plist */,
				1B243CB71BA963860094ADAD /* UnitTestContent.h */,
				1B243CB81BA963860094ADAD /* UnitTests.h */,
				1B243CB91BA963860094ADAD /* UnitTests.m */,
			);
			name = CSVParser;
			sourceTree = "<group>";
		};
		1B243CC11BA975520094ADAD /* Frameworks */ = {
			isa = PBXGroup;
			children = (
				1B243CF51BA9792A0094ADAD /* AppKit.framework */,
			);
			name = Frameworks;
			sourceTree = "<group>";
		};
		1B243CC41BA975990094ADAD /* SyntaxKit */ = {
			isa = PBXGroup;
			children = (
				1B243CC71BA978910094ADAD /* SyntaxKit.h */,
				1B243CC81BA978910094ADAD /* SyntaxKit.m */,
				1B243CC91BA978910094ADAD /* ASKSyntaxViewController.h */,
				1B243CCA1BA978910094ADAD /* ASKSyntaxViewController.m */,
				1B243CCB1BA978910094ADAD /* NSTextView+SyntaxKit.h */,
				1B243CCC1BA978910094ADAD /* NSTextView+SyntaxKit.m */,
				1B243CCD1BA978910094ADAD /* ASKLineNumberView.h */,
				1B243CCE1BA978910094ADAD /* ASKLineNumberView.m */,
				1B243CCF1BA978910094ADAD /* ASKLineNumberMarker.h */,
				1B243CD01BA978910094ADAD /* ASKLineNumberMarker.m */,
				1B243CD11BA978910094ADAD /* ASKSyntax.h */,
				1B243CD21BA978910094ADAD /* ASKSyntax.m */,
				1B243CD31BA978910094ADAD /* ASKSyntax+syntaxForType.h */,
				1B243CD41BA978910094ADAD /* ASKSyntax+syntaxForType.m */,
				1B243CC51BA975AA0094ADAD /* SyntaxKIT_README.md */,
				1B243CEA1BA978BA0094ADAD /* Syntax Definitions */,
				1B243CDC1BA978990094ADAD /* Utilities */,
			);
			name = SyntaxKit;
			sourceTree = "<group>";
		};
		1B243CDC1BA978990094ADAD /* Utilities */ = {
			isa = PBXGroup;
			children = (
				1B243CDD1BA978AA0094ADAD /* ASKTypesetter.h */,
				1B243CDE1BA978AA0094ADAD /* ASKTypesetter.m */,
				1B243CDF1BA978AA0094ADAD /* NSArray+Color.h */,
				1B243CE01BA978AA0094ADAD /* NSArray+Color.m */,
				1B243CE11BA978AA0094ADAD /* NSScanner+SkipUpToCharset.h */,
				1B243CE21BA978AA0094ADAD /* NSScanner+SkipUpToCharset.m */,
				1B243CE31BA978AA0094ADAD /* TDBindings.h */,
				1B243CE41BA978AA0094ADAD /* TDBindings.m */,
				1B243CE51BA978AA0094ADAD /* UKHelperMacros.h */,
			);
			name = Utilities;
			sourceTree = "<group>";
		};
		1B243CEA1BA978BA0094ADAD /* Syntax Definitions */ = {
			isa = PBXGroup;
			children = (
				1B243CEB1BA978D70094ADAD /* SyntaxColorDefaults.plist */,
				1B243CED1BA978E00094ADAD /* CSS 1.plist */,
				1B243CEE1BA978E00094ADAD /* HTML.plist */,
				1B243CEF1BA978E00094ADAD /* Objective C.plist */,
				1B243CF01BA978E00094ADAD /* types.plist */,
			);
			name = "Syntax Definitions";
			sourceTree = "<group>";
		};
		1B243CF71BA985500094ADAD /* Иконки панели инструментов */ = {
			isa = PBXGroup;
			children = (
				1B243CFC1BA986340094ADAD /* file-import-icon.png */,
				1B243CF81BA985720094ADAD /* Export-To-File-icon.png */,
				1B243CFE1BA987360094ADAD /* Misc-Database-3-icon.png */,
				1B243CFF1BA987360094ADAD /* objects-icon.png */,
			);
			name = "Иконки панели инструментов";
			sourceTree = "<group>";
		};
		1BCCEE711BEE05B800809268 /* TestGenerator */ = {
			isa = PBXGroup;
			children = (
				1BCCEE721BEE05D900809268 /* TestCaseGenerator.h */,
				1BCCEE731BEE05D900809268 /* TestCaseGenerator.m */,
			);
			name = TestGenerator;
			sourceTree = "<group>";
		};
/* End PBXGroup section */

/* Begin PBXNativeTarget section */
		1B243C7D1BA962840094ADAD /* MLStudio */ = {
			isa = PBXNativeTarget;
			buildConfigurationList = 1B243CA41BA962850094ADAD /* Build configuration list for PBXNativeTarget "MLStudio" */;
			buildPhases = (
				1B243C7A1BA962840094ADAD /* Sources */,
				1B243C7B1BA962840094ADAD /* Frameworks */,
				1B243C7C1BA962840094ADAD /* Resources */,
			);
			buildRules = (
			);
			dependencies = (
			);
			name = MLStudio;
			productName = MLStudio;
			productReference = 1B243C7E1BA962840094ADAD /* MLStudio.app */;
			productType = "com.apple.product-type.application";
		};
		1B243C991BA962850094ADAD /* MLStudioTests */ = {
			isa = PBXNativeTarget;
			buildConfigurationList = 1B243CA71BA962850094ADAD /* Build configuration list for PBXNativeTarget "MLStudioTests" */;
			buildPhases = (
				1B243C961BA962850094ADAD /* Sources */,
				1B243C971BA962850094ADAD /* Frameworks */,
				1B243C981BA962850094ADAD /* Resources */,
			);
			buildRules = (
			);
			dependencies = (
				1B243C9C1BA962850094ADAD /* PBXTargetDependency */,
			);
			name = MLStudioTests;
			productName = MLStudioTests;
			productReference = 1B243C9A1BA962850094ADAD /* MLStudioTests.xctest */;
			productType = "com.apple.product-type.bundle.unit-test";
		};
/* End PBXNativeTarget section */

/* Begin PBXProject section */
		1B243C761BA962840094ADAD /* Project object */ = {
			isa = PBXProject;
			attributes = {
				LastUpgradeCheck = 0640;
				ORGANIZATIONNAME = "Geomatix Laboratoriess S.R.O.";
				TargetAttributes = {
					1B243C7D1BA962840094ADAD = {
						CreatedOnToolsVersion = 6.4;
						DevelopmentTeam = UKBNTL7HA9;
					};
					1B243C991BA962850094ADAD = {
						CreatedOnToolsVersion = 6.4;
						TestTargetID = 1B243C7D1BA962840094ADAD;
					};
				};
			};
			buildConfigurationList = 1B243C791BA962840094ADAD /* Build configuration list for PBXProject "MLStudio" */;
			compatibilityVersion = "Xcode 3.2";
			developmentRegion = English;
			hasScannedForEncodings = 0;
			knownRegions = (
				en,
				Base,
			);
			mainGroup = 1B243C751BA962840094ADAD;
			productRefGroup = 1B243C7F1BA962840094ADAD /* Products */;
			projectDirPath = "";
			projectRoot = "";
			targets = (
				1B243C7D1BA962840094ADAD /* MLStudio */,
				1B243C991BA962850094ADAD /* MLStudioTests */,
			);
		};
/* End PBXProject section */

/* Begin PBXResourcesBuildPhase section */
		1B243C7C1BA962840094ADAD /* Resources */ = {
			isa = PBXResourcesBuildPhase;
			buildActionMask = 2147483647;
			files = (
				1B243CF31BA978E00094ADAD /* Objective C.plist in Resources */,
				1B243CF11BA978E00094ADAD /* CSS 1.plist in Resources */,
				1B243CF41BA978E00094ADAD /* types.plist in Resources */,
				1B243D011BA987360094ADAD /* objects-icon.png in Resources */,
				1B243CF21BA978E00094ADAD /* HTML.plist in Resources */,
				1B243CF91BA985720094ADAD /* Export-To-File-icon.png in Resources */,
				1B243CFD1BA986340094ADAD /* file-import-icon.png in Resources */,
				1B243C8D1BA962840094ADAD /* Document.xib in Resources */,
				1B243CC01BA9734B0094ADAD /* TODO in Resources */,
				1B243CAC1BA962E00094ADAD /* Changelog in Resources */,
				1B243C921BA962840094ADAD /* Images.xcassets in Resources */,
				1B243C951BA962840094ADAD /* MainMenu.xib in Resources */,
				1B243CEC1BA978D70094ADAD /* SyntaxColorDefaults.plist in Resources */,
				1B243D001BA987360094ADAD /* Misc-Database-3-icon.png in Resources */,
			);
			runOnlyForDeploymentPostprocessing = 0;
		};
		1B243C981BA962850094ADAD /* Resources */ = {
			isa = PBXResourcesBuildPhase;
			buildActionMask = 2147483647;
			files = (
				1B243CBA1BA963860094ADAD /* Issue64.csv in Resources */,
				1B243CBB1BA963860094ADAD /* Issue65.csv in Resources */,
				1B243CBC1BA963860094ADAD /* Issue79.csv in Resources */,
				1B243CBD1BA963860094ADAD /* Unit Tests-Info.plist in Resources */,
			);
			runOnlyForDeploymentPostprocessing = 0;
		};
/* End PBXResourcesBuildPhase section */

/* Begin PBXSourcesBuildPhase section */
		1B243C7A1BA962840094ADAD /* Sources */ = {
			isa = PBXSourcesBuildPhase;
			buildActionMask = 2147483647;
			files = (
				1B243CD91BA978910094ADAD /* ASKLineNumberMarker.m in Sources */,
				1B243CC61BA975AA0094ADAD /* SyntaxKIT_README.md in Sources */,
				1B243CD61BA978910094ADAD /* ASKSyntaxViewController.m in Sources */,
				1B243CDB1BA978910094ADAD /* ASKSyntax+syntaxForType.m in Sources */,
				1B243C901BA962840094ADAD /* Document.xcdatamodeld in Sources */,
				1B243CE81BA978AA0094ADAD /* NSScanner+SkipUpToCharset.m in Sources */,
				1B243CDA1BA978910094ADAD /* ASKSyntax.m in Sources */,
				1B243CE71BA978AA0094ADAD /* NSArray+Color.m in Sources */,
				1B243CD71BA978910094ADAD /* NSTextView+SyntaxKit.m in Sources */,
				1B243CD51BA978910094ADAD /* SyntaxKit.m in Sources */,
				1B243CE61BA978AA0094ADAD /* ASKTypesetter.m in Sources */,
				1B243C8A1BA962840094ADAD /* Document.m in Sources */,
				1B243C871BA962840094ADAD /* main.m in Sources */,
				1B243CB11BA963640094ADAD /* CHCSVParser.m in Sources */,
				1B243CE91BA978AA0094ADAD /* TDBindings.m in Sources */,
				1BCCEE741BEE05D900809268 /* TestCaseGenerator.m in Sources */,
				1B243C851BA962840094ADAD /* AppDelegate.m in Sources */,
				1B243CD81BA978910094ADAD /* ASKLineNumberView.m in Sources */,
			);
			runOnlyForDeploymentPostprocessing = 0;
		};
		1B243C961BA962850094ADAD /* Sources */ = {
			isa = PBXSourcesBuildPhase;
			buildActionMask = 2147483647;
			files = (
				1B243CA11BA962850094ADAD /* MLStudioTests.m in Sources */,
				1B243CBE1BA963860094ADAD /* UnitTests.m in Sources */,
			);
			runOnlyForDeploymentPostprocessing = 0;
		};
/* End PBXSourcesBuildPhase section */

/* Begin PBXTargetDependency section */
		1B243C9C1BA962850094ADAD /* PBXTargetDependency */ = {
			isa = PBXTargetDependency;
			target = 1B243C7D1BA962840094ADAD /* MLStudio */;
			targetProxy = 1B243C9B1BA962850094ADAD /* PBXContainerItemProxy */;
		};
/* End PBXTargetDependency section */

/* Begin PBXVariantGroup section */
		1B243C8B1BA962840094ADAD /* Document.xib */ = {
			isa = PBXVariantGroup;
			children = (
				1B243C8C1BA962840094ADAD /* Base */,
			);
			name = Document.xib;
			sourceTree = "<group>";
		};
		1B243C931BA962840094ADAD /* MainMenu.xib */ = {
			isa = PBXVariantGroup;
			children = (
				1B243C941BA962840094ADAD /* Base */,
			);
			name = MainMenu.xib;
			sourceTree = "<group>";
		};
/* End PBXVariantGroup section */

/* Begin XCBuildConfiguration section */
		1B243CA21BA962850094ADAD /* Debug */ = {
			isa = XCBuildConfiguration;
			buildSettings = {
				ALWAYS_SEARCH_USER_PATHS = NO;
				CLANG_CXX_LANGUAGE_STANDARD = "gnu++0x";
				CLANG_CXX_LIBRARY = "libc++";
				CLANG_ENABLE_MODULES = YES;
				CLANG_ENABLE_OBJC_ARC = YES;
				CLANG_WARN_BOOL_CONVERSION = YES;
				CLANG_WARN_CONSTANT_CONVERSION = YES;
				CLANG_WARN_DIRECT_OBJC_ISA_USAGE = YES_ERROR;
				CLANG_WARN_EMPTY_BODY = YES;
				CLANG_WARN_ENUM_CONVERSION = YES;
				CLANG_WARN_INT_CONVERSION = YES;
				CLANG_WARN_OBJC_ROOT_CLASS = YES_ERROR;
				CLANG_WARN_UNREACHABLE_CODE = YES;
				CLANG_WARN__DUPLICATE_METHOD_MATCH = YES;
				CODE_SIGN_IDENTITY = "-";
				COPY_PHASE_STRIP = NO;
				DEBUG_INFORMATION_FORMAT = dwarf;
				ENABLE_STRICT_OBJC_MSGSEND = YES;
				GCC_C_LANGUAGE_STANDARD = gnu99;
				GCC_DYNAMIC_NO_PIC = NO;
				GCC_NO_COMMON_BLOCKS = YES;
				GCC_OPTIMIZATION_LEVEL = 0;
				GCC_PREPROCESSOR_DEFINITIONS = (
					"DEBUG=1",
					"$(inherited)",
				);
				GCC_SYMBOLS_PRIVATE_EXTERN = NO;
				GCC_WARN_64_TO_32_BIT_CONVERSION = YES;
				GCC_WARN_ABOUT_RETURN_TYPE = YES_ERROR;
				GCC_WARN_UNDECLARED_SELECTOR = YES;
				GCC_WARN_UNINITIALIZED_AUTOS = YES_AGGRESSIVE;
				GCC_WARN_UNUSED_FUNCTION = YES;
				GCC_WARN_UNUSED_VARIABLE = YES;
				MACOSX_DEPLOYMENT_TARGET = 10.10;
				MTL_ENABLE_DEBUG_INFO = YES;
				ONLY_ACTIVE_ARCH = YES;
				SDKROOT = macosx;
			};
			name = Debug;
		};
		1B243CA31BA962850094ADAD /* Release */ = {
			isa = XCBuildConfiguration;
			buildSettings = {
				ALWAYS_SEARCH_USER_PATHS = NO;
				CLANG_CXX_LANGUAGE_STANDARD = "gnu++0x";
				CLANG_CXX_LIBRARY = "libc++";
				CLANG_ENABLE_MODULES = YES;
				CLANG_ENABLE_OBJC_ARC = YES;
				CLANG_WARN_BOOL_CONVERSION = YES;
				CLANG_WARN_CONSTANT_CONVERSION = YES;
				CLANG_WARN_DIRECT_OBJC_ISA_USAGE = YES_ERROR;
				CLANG_WARN_EMPTY_BODY = YES;
				CLANG_WARN_ENUM_CONVERSION = YES;
				CLANG_WARN_INT_CONVERSION = YES;
				CLANG_WARN_OBJC_ROOT_CLASS = YES_ERROR;
				CLANG_WARN_UNREACHABLE_CODE = YES;
				CLANG_WARN__DUPLICATE_METHOD_MATCH = YES;
				CODE_SIGN_IDENTITY = "-";
				COPY_PHASE_STRIP = NO;
				DEBUG_INFORMATION_FORMAT = "dwarf-with-dsym";
				ENABLE_NS_ASSERTIONS = NO;
				ENABLE_STRICT_OBJC_MSGSEND = YES;
				GCC_C_LANGUAGE_STANDARD = gnu99;
				GCC_NO_COMMON_BLOCKS = YES;
				GCC_WARN_64_TO_32_BIT_CONVERSION = YES;
				GCC_WARN_ABOUT_RETURN_TYPE = YES_ERROR;
				GCC_WARN_UNDECLARED_SELECTOR = YES;
				GCC_WARN_UNINITIALIZED_AUTOS = YES_AGGRESSIVE;
				GCC_WARN_UNUSED_FUNCTION = YES;
				GCC_WARN_UNUSED_VARIABLE = YES;
				MACOSX_DEPLOYMENT_TARGET = 10.10;
				MTL_ENABLE_DEBUG_INFO = NO;
				SDKROOT = macosx;
			};
			name = Release;
		};
		1B243CA51BA962850094ADAD /* Debug */ = {
			isa = XCBuildConfiguration;
			buildSettings = {
				ASSETCATALOG_COMPILER_APPICON_NAME = AppIcon;
				CODE_SIGN_IDENTITY = "Developer ID Application";
				COMBINE_HIDPI_IMAGES = YES;
				FRAMEWORK_SEARCH_PATHS = (
					"$(inherited)",
					"$(PROJECT_DIR)",
				);
				INFOPLIST_FILE = MLStudio/Info.plist;
				LD_RUNPATH_SEARCH_PATHS = "$(inherited) @executable_path/../Frameworks";
				PRODUCT_NAME = "$(TARGET_NAME)";
			};
			name = Debug;
		};
		1B243CA61BA962850094ADAD /* Release */ = {
			isa = XCBuildConfiguration;
			buildSettings = {
				ASSETCATALOG_COMPILER_APPICON_NAME = AppIcon;
				CODE_SIGN_IDENTITY = "Developer ID Application";
				COMBINE_HIDPI_IMAGES = YES;
				FRAMEWORK_SEARCH_PATHS = (
					"$(inherited)",
					"$(PROJECT_DIR)",
				);
				INFOPLIST_FILE = MLStudio/Info.plist;
				LD_RUNPATH_SEARCH_PATHS = "$(inherited) @executable_path/../Frameworks";
				PRODUCT_NAME = "$(TARGET_NAME)";
			};
			name = Release;
		};
		1B243CA81BA962850094ADAD /* Debug */ = {
			isa = XCBuildConfiguration;
			buildSettings = {
				BUNDLE_LOADER = "$(TEST_HOST)";
				COMBINE_HIDPI_IMAGES = YES;
				FRAMEWORK_SEARCH_PATHS = (
					"$(DEVELOPER_FRAMEWORKS_DIR)",
					"$(inherited)",
				);
				GCC_PREPROCESSOR_DEFINITIONS = (
					"DEBUG=1",
					"$(inherited)",
				);
				INFOPLIST_FILE = MLStudioTests/Info.plist;
				LD_RUNPATH_SEARCH_PATHS = "$(inherited) @executable_path/../Frameworks @loader_path/../Frameworks";
				PRODUCT_NAME = "$(TARGET_NAME)";
				TEST_HOST = "$(BUILT_PRODUCTS_DIR)/MLStudio.app/Contents/MacOS/MLStudio";
			};
			name = Debug;
		};
		1B243CA91BA962850094ADAD /* Release */ = {
			isa = XCBuildConfiguration;
			buildSettings = {
				BUNDLE_LOADER = "$(TEST_HOST)";
				COMBINE_HIDPI_IMAGES = YES;
				FRAMEWORK_SEARCH_PATHS = (
					"$(DEVELOPER_FRAMEWORKS_DIR)",
					"$(inherited)",
				);
				INFOPLIST_FILE = MLStudioTests/Info.plist;
				LD_RUNPATH_SEARCH_PATHS = "$(inherited) @executable_path/../Frameworks @loader_path/../Frameworks";
				PRODUCT_NAME = "$(TARGET_NAME)";
				TEST_HOST = "$(BUILT_PRODUCTS_DIR)/MLStudio.app/Contents/MacOS/MLStudio";
			};
			name = Release;
		};
/* End XCBuildConfiguration section */

/* Begin XCConfigurationList section */
		1B243C791BA962840094ADAD /* Build configuration list for PBXProject "MLStudio" */ = {
			isa = XCConfigurationList;
			buildConfigurations = (
				1B243CA21BA962850094ADAD /* Debug */,
				1B243CA31BA962850094ADAD /* Release */,
			);
			defaultConfigurationIsVisible = 0;
			defaultConfigurationName = Release;
		};
		1B243CA41BA962850094ADAD /* Build configuration list for PBXNativeTarget "MLStudio" */ = {
			isa = XCConfigurationList;
			buildConfigurations = (
				1B243CA51BA962850094ADAD /* Debug */,
				1B243CA61BA962850094ADAD /* Release */,
			);
			defaultConfigurationIsVisible = 0;
			defaultConfigurationName = Release;
		};
		1B243CA71BA962850094ADAD /* Build configuration list for PBXNativeTarget "MLStudioTests" */ = {
			isa = XCConfigurationList;
			buildConfigurations = (
				1B243CA81BA962850094ADAD /* Debug */,
				1B243CA91BA962850094ADAD /* Release */,
			);
			defaultConfigurationIsVisible = 0;
			defaultConfigurationName = Release;
		};
/* End XCConfigurationList section */

/* Begin XCVersionGroup section */
		1B243C8E1BA962840094ADAD /* Document.xcdatamodeld */ = {
			isa = XCVersionGroup;
			children = (
				1B243C8F1BA962840094ADAD /* Document.xcdatamodel */,
			);
			currentVersion = 1B243C8F1BA962840094ADAD /* Document.xcdatamodel */;
			path = Document.xcdatamodeld;
			sourceTree = "<group>";
			versionGroupType = wrapper.xcdatamodel;
		};
/* End XCVersionGroup section */
	};
	rootObject = 1B243C761BA962840094ADAD /* Project object */;
}
